
Microsoft Visual Studio Solution File, Format Version 12.00
# Visual Studio Version 17
VisualStudioVersion = 17.4.33213.308
MinimumVisualStudioVersion = 10.0.40219.1
Project("{FAE04EC0-301F-11D3-BF4B-00C04F79EFBC}") = "HomeBudget-Null", "HomeBudget-Null\HomeBudget-Null.csproj", "{3E42E6A9-20AD-498B-A62F-A670047AFA29}"
EndProject
Project("{FAE04EC0-301F-11D3-BF4B-00C04F79EFBC}") = "HomeBudgetTest", "HomeBudgetTest\HomeBudgetTest.csproj", "{CFAD08BD-BC96-4E7B-8BF8-20935444FE08}"
EndProject
Global
	GlobalSection(SolutionConfigurationPlatforms) = preSolution
		Debug|Any CPU = Debug|Any CPU
		Release|Any CPU = Release|Any CPU
	EndGlobalSection
	GlobalSection(ProjectConfigurationPlatforms) = postSolution
		{3E42E6A9-20AD-498B-A62F-A670047AFA29}.Debug|Any CPU.ActiveCfg = Debug|Any CPU
		{3E42E6A9-20AD-498B-A62F-A670047AFA29}.Debug|Any CPU.Build.0 = Debug|Any CPU
		{3E42E6A9-20AD-498B-A62F-A670047AFA29}.Release|Any CPU.ActiveCfg = Release|Any CPU
		{3E42E6A9-20AD-498B-A62F-A670047AFA29}.Release|Any CPU.Build.0 = Release|Any CPU
		{CFAD08BD-BC96-4E7B-8BF8-20935444FE08}.Debug|Any CPU.ActiveCfg = Debug|Any CPU
		{CFAD08BD-BC96-4E7B-8BF8-20935444FE08}.Debug|Any CPU.Build.0 = Debug|Any CPU
		{CFAD08BD-BC96-4E7B-8BF8-20935444FE08}.Release|Any CPU.ActiveCfg = Release|Any CPU
		{CFAD08BD-BC96-4E7B-8BF8-20935444FE08}.Release|Any CPU.Build.0 = Release|Any CPU
	EndGlobalSection
	GlobalSection(SolutionProperties) = preSolution
		HideSolutionNode = FALSE
	EndGlobalSection
	GlobalSection(ExtensibilityGlobals) = postSolution
		SolutionGuid = {D2D14DC4-606A-4189-B76F-3ABFAFA7FFFF}
	EndGlobalSection
EndGlobal
