
Microsoft Visual Studio Solution File, Format Version 12.00
# Visual Studio Version 17
VisualStudioVersion = 17.4.33213.308
MinimumVisualStudioVersion = 10.0.40219.1
Project("{9A19103F-16F7-4668-BE54-9A1E7A4F7556}") = "WpfApp1", "WpfApp1\WpfApp1.csproj", "{0CD08C6E-0BEF-418D-A3F1-EC093E93382E}"
EndProject
Project("{9A19103F-16F7-4668-BE54-9A1E7A4F7556}") = "HomeBudgetTest-Sequel", "HomeBudgetTest-Sequel\HomeBudgetTest-Sequel.csproj", "{B87D3974-66A9-4D98-BB46-D709172780AE}"
EndProject
Project("{C7167F0D-BC9F-4E6E-AFE1-012C56B48DB5}") = "HomeBudgetInstaller", "HomeBudgetInstaller\HomeBudgetInstaller.wapproj", "{8955CF3A-07B8-4BE0-9C80-99222086ABAE}"
EndProject
Global
	GlobalSection(SolutionConfigurationPlatforms) = preSolution
		Debug|Any CPU = Debug|Any CPU
		Debug|ARM = Debug|ARM
		Debug|ARM64 = Debug|ARM64
		Debug|x64 = Debug|x64
		Debug|x86 = Debug|x86
		Release|Any CPU = Release|Any CPU
		Release|ARM = Release|ARM
		Release|ARM64 = Release|ARM64
		Release|x64 = Release|x64
		Release|x86 = Release|x86
	EndGlobalSection
	GlobalSection(ProjectConfigurationPlatforms) = postSolution
		{0CD08C6E-0BEF-418D-A3F1-EC093E93382E}.Debug|Any CPU.ActiveCfg = Release|Any CPU
		{0CD08C6E-0BEF-418D-A3F1-EC093E93382E}.Debug|Any CPU.Build.0 = Release|Any CPU
		{0CD08C6E-0BEF-418D-A3F1-EC093E93382E}.Debug|ARM.ActiveCfg = Debug|Any CPU
		{0CD08C6E-0BEF-418D-A3F1-EC093E93382E}.Debug|ARM.Build.0 = Debug|Any CPU
		{0CD08C6E-0BEF-418D-A3F1-EC093E93382E}.Debug|ARM64.ActiveCfg = Debug|Any CPU
		{0CD08C6E-0BEF-418D-A3F1-EC093E93382E}.Debug|ARM64.Build.0 = Debug|Any CPU
		{0CD08C6E-0BEF-418D-A3F1-EC093E93382E}.Debug|x64.ActiveCfg = Debug|Any CPU
		{0CD08C6E-0BEF-418D-A3F1-EC093E93382E}.Debug|x64.Build.0 = Debug|Any CPU
		{0CD08C6E-0BEF-418D-A3F1-EC093E93382E}.Debug|x86.ActiveCfg = Debug|Any CPU
		{0CD08C6E-0BEF-418D-A3F1-EC093E93382E}.Debug|x86.Build.0 = Debug|Any CPU
		{0CD08C6E-0BEF-418D-A3F1-EC093E93382E}.Release|Any CPU.ActiveCfg = Release|Any CPU
		{0CD08C6E-0BEF-418D-A3F1-EC093E93382E}.Release|Any CPU.Build.0 = Release|Any CPU
		{0CD08C6E-0BEF-418D-A3F1-EC093E93382E}.Release|ARM.ActiveCfg = Release|Any CPU
		{0CD08C6E-0BEF-418D-A3F1-EC093E93382E}.Release|ARM.Build.0 = Release|Any CPU
		{0CD08C6E-0BEF-418D-A3F1-EC093E93382E}.Release|ARM64.ActiveCfg = Release|Any CPU
		{0CD08C6E-0BEF-418D-A3F1-EC093E93382E}.Release|ARM64.Build.0 = Release|Any CPU
		{0CD08C6E-0BEF-418D-A3F1-EC093E93382E}.Release|x64.ActiveCfg = Release|x64
		{0CD08C6E-0BEF-418D-A3F1-EC093E93382E}.Release|x64.Build.0 = Release|x64
		{0CD08C6E-0BEF-418D-A3F1-EC093E93382E}.Release|x86.ActiveCfg = Release|Any CPU
		{0CD08C6E-0BEF-418D-A3F1-EC093E93382E}.Release|x86.Build.0 = Release|Any CPU
		{B87D3974-66A9-4D98-BB46-D709172780AE}.Debug|Any CPU.ActiveCfg = Release|Any CPU
		{B87D3974-66A9-4D98-BB46-D709172780AE}.Debug|Any CPU.Build.0 = Release|Any CPU
		{B87D3974-66A9-4D98-BB46-D709172780AE}.Debug|ARM.ActiveCfg = Debug|Any CPU
		{B87D3974-66A9-4D98-BB46-D709172780AE}.Debug|ARM.Build.0 = Debug|Any CPU
		{B87D3974-66A9-4D98-BB46-D709172780AE}.Debug|ARM64.ActiveCfg = Debug|Any CPU
		{B87D3974-66A9-4D98-BB46-D709172780AE}.Debug|ARM64.Build.0 = Debug|Any CPU
		{B87D3974-66A9-4D98-BB46-D709172780AE}.Debug|x64.ActiveCfg = Debug|Any CPU
		{B87D3974-66A9-4D98-BB46-D709172780AE}.Debug|x64.Build.0 = Debug|Any CPU
		{B87D3974-66A9-4D98-BB46-D709172780AE}.Debug|x86.ActiveCfg = Debug|Any CPU
		{B87D3974-66A9-4D98-BB46-D709172780AE}.Debug|x86.Build.0 = Debug|Any CPU
		{B87D3974-66A9-4D98-BB46-D709172780AE}.Release|Any CPU.ActiveCfg = Release|Any CPU
		{B87D3974-66A9-4D98-BB46-D709172780AE}.Release|Any CPU.Build.0 = Release|Any CPU
		{B87D3974-66A9-4D98-BB46-D709172780AE}.Release|ARM.ActiveCfg = Release|Any CPU
		{B87D3974-66A9-4D98-BB46-D709172780AE}.Release|ARM.Build.0 = Release|Any CPU
		{B87D3974-66A9-4D98-BB46-D709172780AE}.Release|ARM64.ActiveCfg = Release|Any CPU
		{B87D3974-66A9-4D98-BB46-D709172780AE}.Release|ARM64.Build.0 = Release|Any CPU
		{B87D3974-66A9-4D98-BB46-D709172780AE}.Release|x64.ActiveCfg = Release|x64
		{B87D3974-66A9-4D98-BB46-D709172780AE}.Release|x64.Build.0 = Release|x64
		{B87D3974-66A9-4D98-BB46-D709172780AE}.Release|x86.ActiveCfg = Release|Any CPU
		{B87D3974-66A9-4D98-BB46-D709172780AE}.Release|x86.Build.0 = Release|Any CPU
		{8955CF3A-07B8-4BE0-9C80-99222086ABAE}.Debug|Any CPU.ActiveCfg = Release|x64
		{8955CF3A-07B8-4BE0-9C80-99222086ABAE}.Debug|Any CPU.Build.0 = Release|x64
		{8955CF3A-07B8-4BE0-9C80-99222086ABAE}.Debug|Any CPU.Deploy.0 = Release|x64
		{8955CF3A-07B8-4BE0-9C80-99222086ABAE}.Debug|ARM.ActiveCfg = Debug|ARM
		{8955CF3A-07B8-4BE0-9C80-99222086ABAE}.Debug|ARM.Build.0 = Debug|ARM
		{8955CF3A-07B8-4BE0-9C80-99222086ABAE}.Debug|ARM.Deploy.0 = Debug|ARM
		{8955CF3A-07B8-4BE0-9C80-99222086ABAE}.Debug|ARM64.ActiveCfg = Debug|ARM64
		{8955CF3A-07B8-4BE0-9C80-99222086ABAE}.Debug|ARM64.Build.0 = Debug|ARM64
		{8955CF3A-07B8-4BE0-9C80-99222086ABAE}.Debug|ARM64.Deploy.0 = Debug|ARM64
		{8955CF3A-07B8-4BE0-9C80-99222086ABAE}.Debug|x64.ActiveCfg = Debug|x64
		{8955CF3A-07B8-4BE0-9C80-99222086ABAE}.Debug|x64.Build.0 = Debug|x64
		{8955CF3A-07B8-4BE0-9C80-99222086ABAE}.Debug|x64.Deploy.0 = Debug|x64
		{8955CF3A-07B8-4BE0-9C80-99222086ABAE}.Debug|x86.ActiveCfg = Debug|x86
		{8955CF3A-07B8-4BE0-9C80-99222086ABAE}.Debug|x86.Build.0 = Debug|x86
		{8955CF3A-07B8-4BE0-9C80-99222086ABAE}.Debug|x86.Deploy.0 = Debug|x86
		{8955CF3A-07B8-4BE0-9C80-99222086ABAE}.Release|Any CPU.ActiveCfg = Release|Any CPU
		{8955CF3A-07B8-4BE0-9C80-99222086ABAE}.Release|Any CPU.Build.0 = Release|Any CPU
		{8955CF3A-07B8-4BE0-9C80-99222086ABAE}.Release|Any CPU.Deploy.0 = Release|Any CPU
		{8955CF3A-07B8-4BE0-9C80-99222086ABAE}.Release|ARM.ActiveCfg = Release|ARM
		{8955CF3A-07B8-4BE0-9C80-99222086ABAE}.Release|ARM.Build.0 = Release|ARM
		{8955CF3A-07B8-4BE0-9C80-99222086ABAE}.Release|ARM.Deploy.0 = Release|ARM
		{8955CF3A-07B8-4BE0-9C80-99222086ABAE}.Release|ARM64.ActiveCfg = Release|ARM64
		{8955CF3A-07B8-4BE0-9C80-99222086ABAE}.Release|ARM64.Build.0 = Release|ARM64
		{8955CF3A-07B8-4BE0-9C80-99222086ABAE}.Release|ARM64.Deploy.0 = Release|ARM64
		{8955CF3A-07B8-4BE0-9C80-99222086ABAE}.Release|x64.ActiveCfg = Release|x64
		{8955CF3A-07B8-4BE0-9C80-99222086ABAE}.Release|x64.Build.0 = Release|x64
		{8955CF3A-07B8-4BE0-9C80-99222086ABAE}.Release|x64.Deploy.0 = Release|x64
		{8955CF3A-07B8-4BE0-9C80-99222086ABAE}.Release|x86.ActiveCfg = Release|x86
		{8955CF3A-07B8-4BE0-9C80-99222086ABAE}.Release|x86.Build.0 = Release|x86
		{8955CF3A-07B8-4BE0-9C80-99222086ABAE}.Release|x86.Deploy.0 = Release|x86
	EndGlobalSection
	GlobalSection(SolutionProperties) = preSolution
		HideSolutionNode = FALSE
	EndGlobalSection
	GlobalSection(ExtensibilityGlobals) = postSolution
		SolutionGuid = {D2D14DC4-606A-4189-B76F-3ABFAFA7FFFF}
	EndGlobalSection
EndGlobal
